// !$*UTF8*$!
{
	archiveVersion = 1;
	classes = {
	};
	objectVersion = 50;
	objects = {

/* Begin PBXBuildFile section */
		F166C17522046AFD00825BEE /* AppDelegate.swift in Sources */ = {isa = PBXBuildFile; fileRef = F166C17422046AFD00825BEE /* AppDelegate.swift */; };
		F166C17722046AFD00825BEE /* ViewController.swift in Sources */ = {isa = PBXBuildFile; fileRef = F166C17622046AFD00825BEE /* ViewController.swift */; };
		F166C17A22046AFD00825BEE /* Main.storyboard in Resources */ = {isa = PBXBuildFile; fileRef = F166C17822046AFD00825BEE /* Main.storyboard */; };
		F166C17C22046B0800825BEE /* Assets.xcassets in Resources */ = {isa = PBXBuildFile; fileRef = F166C17B22046B0800825BEE /* Assets.xcassets */; };
		F166C17F22046B0800825BEE /* LaunchScreen.storyboard in Resources */ = {isa = PBXBuildFile; fileRef = F166C17D22046B0800825BEE /* LaunchScreen.storyboard */; };
		F166C18722046EEB00825BEE /* ViewControllerTwo.swift in Sources */ = {isa = PBXBuildFile; fileRef = F166C18622046EEB00825BEE /* ViewControllerTwo.swift */; };
/* End PBXBuildFile section */

/* Begin PBXFileReference section */
		F166C17122046AFD00825BEE /* UIkit_ViewController.app */ = {isa = PBXFileReference; explicitFileType = wrapper.application; includeInIndex = 0; path = UIkit_ViewController.app; sourceTree = BUILT_PRODUCTS_DIR; };
		F166C17422046AFD00825BEE /* AppDelegate.swift */ = {isa = PBXFileReference; lastKnownFileType = sourcecode.swift; path = AppDelegate.swift; sourceTree = "<group>"; };
		F166C17622046AFD00825BEE /* ViewController.swift */ = {isa = PBXFileReference; lastKnownFileType = sourcecode.swift; path = ViewController.swift; sourceTree = "<group>"; };
		F166C17922046AFD00825BEE /* Base */ = {isa = PBXFileReference; lastKnownFileType = file.storyboard; name = Base; path = Base.lproj/Main.storyboard; sourceTree = "<group>"; };
		F166C17B22046B0800825BEE /* Assets.xcassets */ = {isa = PBXFileReference; lastKnownFileType = folder.assetcatalog; path = Assets.xcassets; sourceTree = "<group>"; };
		F166C17E22046B0800825BEE /* Base */ = {isa = PBXFileReference; lastKnownFileType = file.storyboard; name = Base; path = Base.lproj/LaunchScreen.storyboard; sourceTree = "<group>"; };
		F166C18022046B0800825BEE /* Info.plist */ = {isa = PBXFileReference; lastKnownFileType = text.plist.xml; path = Info.plist; sourceTree = "<group>"; };
		F166C18622046EEB00825BEE /* ViewControllerTwo.swift */ = {isa = PBXFileReference; lastKnownFileType = sourcecode.swift; path = ViewControllerTwo.swift; sourceTree = "<group>"; };
/* End PBXFileReference section */

/* Begin PBXFrameworksBuildPhase section */
		F166C16E22046AFD00825BEE /* Frameworks */ = {
			isa = PBXFrameworksBuildPhase;
			buildActionMask = 2147483647;
			files = (
			);
			runOnlyForDeploymentPostprocessing = 0;
		};
/* End PBXFrameworksBuildPhase section */

/* Begin PBXGroup section */
		F166C16822046AFD00825BEE = {
			isa = PBXGroup;
			children = (
				F166C17322046AFD00825BEE /* UIkit_ViewController */,
				F166C17222046AFD00825BEE /* Products */,
			);
			sourceTree = "<group>";
		};
		F166C17222046AFD00825BEE /* Products */ = {
			isa = PBXGroup;
			children = (
				F166C17122046AFD00825BEE /* UIkit_ViewController.app */,
			);
			name = Products;
			sourceTree = "<group>";
		};
		F166C17322046AFD00825BEE /* UIkit_ViewController */ = {
			isa = PBXGroup;
			children = (
				F166C17422046AFD00825BEE /* AppDelegate.swift */,
				F166C17622046AFD00825BEE /* ViewController.swift */,
				F166C17822046AFD00825BEE /* Main.storyboard */,
				F166C18622046EEB00825BEE /* ViewControllerTwo.swift */,
				F166C17B22046B0800825BEE /* Assets.xcassets */,
				F166C17D22046B0800825BEE /* LaunchScreen.storyboard */,
				F166C18022046B0800825BEE /* Info.plist */,
			);
			path = UIkit_ViewController;
			sourceTree = "<group>";
		};
/* End PBXGroup section */

/* Begin PBXNativeTarget section */
		F166C17022046AFD00825BEE /* UIkit_ViewController */ = {
			isa = PBXNativeTarget;
			buildConfigurationList = F166C18322046B0800825BEE /* Build configuration list for PBXNativeTarget "UIkit_ViewController" */;
			buildPhases = (
				F166C16D22046AFD00825BEE /* Sources */,
				F166C16E22046AFD00825BEE /* Frameworks */,
				F166C16F22046AFD00825BEE /* Resources */,
			);
			buildRules = (
			);
			dependencies = (
			);
			name = UIkit_ViewController;
			productName = UIkit_ViewController;
			productReference = F166C17122046AFD00825BEE /* UIkit_ViewController.app */;
			productType = "com.apple.product-type.application";
		};
/* End PBXNativeTarget section */

/* Begin PBXProject section */
		F166C16922046AFD00825BEE /* Project object */ = {
			isa = PBXProject;
			attributes = {
				LastSwiftUpdateCheck = 1010;
				LastUpgradeCheck = 1010;
				ORGANIZATIONNAME = PavelM;
				TargetAttributes = {
					F166C17022046AFD00825BEE = {
						CreatedOnToolsVersion = 10.1;
					};
				};
			};
			buildConfigurationList = F166C16C22046AFD00825BEE /* Build configuration list for PBXProject "UIkit_ViewController" */;
			compatibilityVersion = "Xcode 9.3";
			developmentRegion = en;
			hasScannedForEncodings = 0;
			knownRegions = (
				en,
				Base,
			);
			mainGroup = F166C16822046AFD00825BEE;
			productRefGroup = F166C17222046AFD00825BEE /* Products */;
			projectDirPath = "";
			projectRoot = "";
			targets = (
				F166C17022046AFD00825BEE /* UIkit_ViewController */,
			);
		};
/* End PBXProject section */

/* Begin PBXResourcesBuildPhase section */
		F166C16F22046AFD00825BEE /* Resources */ = {
			isa = PBXResourcesBuildPhase;
			buildActionMask = 2147483647;
			files = (
				F166C17F22046B0800825BEE /* LaunchScreen.storyboard in Resources */,
				F166C17C22046B0800825BEE /* Assets.xcassets in Resources */,
				F166C17A22046AFD00825BEE /* Main.storyboard in Resources */,
			);
			runOnlyForDeploymentPostprocessing = 0;
		};
/* End PBXResourcesBuildPhase section */

/* Begin PBXSourcesBuildPhase section */
		F166C16D22046AFD00825BEE /* Sources */ = {
			isa = PBXSourcesBuildPhase;
			buildActionMask = 2147483647;
			files = (
				F166C17722046AFD00825BEE /* ViewController.swift in Sources */,
				F166C17522046AFD00825BEE /* AppDelegate.swift in Sources */,
				F166C18722046EEB00825BEE /* ViewControllerTwo.swift in Sources */,
			);
			runOnlyForDeploymentPostprocessing = 0;
		};
/* End PBXSourcesBuildPhase section */

/* Begin PBXVariantGroup section */
		F166C17822046AFD00825BEE /* Main.storyboard */ = {
			isa = PBXVariantGroup;
			children = (
				F166C17922046AFD00825BEE /* Base */,
			);
			name = Main.storyboard;
			sourceTree = "<group>";
		};
		F166C17D22046B0800825BEE /* LaunchScreen.storyboard */ = {
			isa = PBXVariantGroup;
			children = (
				F166C17E22046B0800825BEE /* Base */,
			);
			name = LaunchScreen.storyboard;
			sourceTree = "<group>";
		};
/* End PBXVariantGroup section */

/* Begin XCBuildConfiguration section */
		F166C18122046B0800825BEE /* Debug */ = {
			isa = XCBuildConfiguration;
			buildSettings = {
				ALWAYS_SEARCH_USER_PATHS = NO;
				CLANG_ANALYZER_NONNULL = YES;
				CLANG_ANALYZER_NUMBER_OBJECT_CONVERSION = YES_AGGRESSIVE;
				CLANG_CXX_LANGUAGE_STANDARD = "gnu++14";
				CLANG_CXX_LIBRARY = "libc++";
				CLANG_ENABLE_MODULES = YES;
				CLANG_ENABLE_OBJC_ARC = YES;
				CLANG_ENABLE_OBJC_WEAK = YES;
				CLANG_WARN_BLOCK_CAPTURE_AUTORELEASING = YES;
				CLANG_WARN_BOOL_CONVERSION = YES;
				CLANG_WARN_COMMA = YES;
				CLANG_WARN_CONSTANT_CONVERSION = YES;
				CLANG_WARN_DEPRECATED_OBJC_IMPLEMENTATIONS = YES;
				CLANG_WARN_DIRECT_OBJC_ISA_USAGE = YES_ERROR;
				CLANG_WARN_DOCUMENTATION_COMMENTS = YES;
				CLANG_WARN_EMPTY_BODY = YES;
				CLANG_WARN_ENUM_CONVERSION = YES;
				CLANG_WARN_INFINITE_RECURSION = YES;
				CLANG_WARN_INT_CONVERSION = YES;
				CLANG_WARN_NON_LITERAL_NULL_CONVERSION = YES;
				CLANG_WARN_OBJC_IMPLICIT_RETAIN_SELF = YES;
				CLANG_WARN_OBJC_LITERAL_CONVERSION = YES;
				CLANG_WARN_OBJC_ROOT_CLASS = YES_ERROR;
				CLANG_WARN_RANGE_LOOP_ANALYSIS = YES;
				CLANG_WARN_STRICT_PROTOTYPES = YES;
				CLANG_WARN_SUSPICIOUS_MOVE = YES;
				CLANG_WARN_UNGUARDED_AVAILABILITY = YES_AGGRESSIVE;
				CLANG_WARN_UNREACHABLE_CODE = YES;
				CLANG_WARN__DUPLICATE_METHOD_MATCH = YES;
				CODE_SIGN_IDENTITY = "iPhone Developer";
				COPY_PHASE_STRIP = NO;
				DEBUG_INFORMATION_FORMAT = dwarf;
				ENABLE_STRICT_OBJC_MSGSEND = YES;
				ENABLE_TESTABILITY = YES;
				GCC_C_LANGUAGE_STANDARD = gnu11;
				GCC_DYNAMIC_NO_PIC = NO;
				GCC_NO_COMMON_BLOCKS = YES;
				GCC_OPTIMIZATION_LEVEL = 0;
				GCC_PREPROCESSOR_DEFINITIONS = (
					"DEBUG=1",
					"$(inherited)",
				);
				GCC_WARN_64_TO_32_BIT_CONVERSION = YES;
				GCC_WARN_ABOUT_RETURN_TYPE = YES_ERROR;
				GCC_WARN_UNDECLARED_SELECTOR = YES;
				GCC_WARN_UNINITIALIZED_AUTOS = YES_AGGRESSIVE;
				GCC_WARN_UNUSED_FUNCTION = YES;
				GCC_WARN_UNUSED_VARIABLE = YES;
				IPHONEOS_DEPLOYMENT_TARGET = 12.1;
				MTL_ENABLE_DEBUG_INFO = INCLUDE_SOURCE;
				MTL_FAST_MATH = YES;
				ONLY_ACTIVE_ARCH = YES;
				SDKROOT = iphoneos;
				SWIFT_ACTIVE_COMPILATION_CONDITIONS = DEBUG;
				SWIFT_OPTIMIZATION_LEVEL = "-Onone";
			};
			name = Debug;
		};
		F166C18222046B0800825BEE /* Release */ = {
			isa = XCBuildConfiguration;
			buildSettings = {
				ALWAYS_SEARCH_USER_PATHS = NO;
				CLANG_ANALYZER_NONNULL = YES;
				CLANG_ANALYZER_NUMBER_OBJECT_CONVERSION = YES_AGGRESSIVE;
				CLANG_CXX_LANGUAGE_STANDARD = "gnu++14";
				CLANG_CXX_LIBRARY = "libc++";
				CLANG_ENABLE_MODULES = YES;
				CLANG_ENABLE_OBJC_ARC = YES;
				CLANG_ENABLE_OBJC_WEAK = YES;
				CLANG_WARN_BLOCK_CAPTURE_AUTORELEASING = YES;
				CLANG_WARN_BOOL_CONVERSION = YES;
				CLANG_WARN_COMMA = YES;
				CLANG_WARN_CONSTANT_CONVERSION = YES;
				CLANG_WARN_DEPRECATED_OBJC_IMPLEMENTATIONS = YES;
				CLANG_WARN_DIRECT_OBJC_ISA_USAGE = YES_ERROR;
				CLANG_WARN_DOCUMENTATION_COMMENTS = YES;
				CLANG_WARN_EMPTY_BODY = YES;
				CLANG_WARN_ENUM_CONVERSION = YES;
				CLANG_WARN_INFINITE_RECURSION = YES;
				CLANG_WARN_INT_CONVERSION = YES;
				CLANG_WARN_NON_LITERAL_NULL_CONVERSION = YES;
				CLANG_WARN_OBJC_IMPLICIT_RETAIN_SELF = YES;
				CLANG_WARN_OBJC_LITERAL_CONVERSION = YES;
				CLANG_WARN_OBJC_ROOT_CLASS = YES_ERROR;
				CLANG_WARN_RANGE_LOOP_ANALYSIS = YES;
				CLANG_WARN_STRICT_PROTOTYPES = YES;
				CLANG_WARN_SUSPICIOUS_MOVE = YES;
				CLANG_WARN_UNGUARDED_AVAILABILITY = YES_AGGRESSIVE;
				CLANG_WARN_UNREACHABLE_CODE = YES;
				CLANG_WARN__DUPLICATE_METHOD_MATCH = YES;
				CODE_SIGN_IDENTITY = "iPhone Developer";
				COPY_PHASE_STRIP = NO;
				DEBUG_INFORMATION_FORMAT = "dwarf-with-dsym";
				ENABLE_NS_ASSERTIONS = NO;
				ENABLE_STRICT_OBJC_MSGSEND = YES;
				GCC_C_LANGUAGE_STANDARD = gnu11;
				GCC_NO_COMMON_BLOCKS = YES;
				GCC_WARN_64_TO_32_BIT_CONVERSION = YES;
				GCC_WARN_ABOUT_RETURN_TYPE = YES_ERROR;
				GCC_WARN_UNDECLARED_SELECTOR = YES;
				GCC_WARN_UNINITIALIZED_AUTOS = YES_AGGRESSIVE;
				GCC_WARN_UNUSED_FUNCTION = YES;
				GCC_WARN_UNUSED_VARIABLE = YES;
				IPHONEOS_DEPLOYMENT_TARGET = 12.1;
				MTL_ENABLE_DEBUG_INFO = NO;
				MTL_FAST_MATH = YES;
				SDKROOT = iphoneos;
				SWIFT_COMPILATION_MODE = wholemodule;
				SWIFT_OPTIMIZATION_LEVEL = "-O";
				VALIDATE_PRODUCT = YES;
			};
			name = Release;
		};
		F166C18422046B0800825BEE /* Debug */ = {
			isa = XCBuildConfiguration;
			buildSettings = {
				ASSETCATALOG_COMPILER_APPICON_NAME = AppIcon;
				CODE_SIGN_STYLE = Automatic;
				DEVELOPMENT_TEAM = CYVRG4B3R9;
				INFOPLIST_FILE = UIkit_ViewController/Info.plist;
				IPHONEOS_DEPLOYMENT_TARGET = 11.0;
				LD_RUNPATH_SEARCH_PATHS = (
					"$(inherited)",
					"@executable_path/Frameworks",
				);
				PRODUCT_BUNDLE_IDENTIFIER = "pavel.m.UIkit-ViewController.UIkit-ViewController";
				PRODUCT_NAME = "$(TARGET_NAME)";
				SWIFT_VERSION = 4.2;
				TARGETED_DEVICE_FAMILY = "1,2";
			};
			name = Debug;
		};
		F166C18522046B0800825BEE /* Release */ = {
			isa = XCBuildConfiguration;
			buildSettings = {
				ASSETCATALOG_COMPILER_APPICON_NAME = AppIcon;
				CODE_SIGN_STYLE = Automatic;
				DEVELOPMENT_TEAM = CYVRG4B3R9;
				INFOPLIST_FILE = UIkit_ViewController/Info.plist;
				IPHONEOS_DEPLOYMENT_TARGET = 11.0;
				LD_RUNPATH_SEARCH_PATHS = (
					"$(inherited)",
					"@executable_path/Frameworks",
				);
				PRODUCT_BUNDLE_IDENTIFIER = "pavel.m.UIkit-ViewController.UIkit-ViewController";
				PRODUCT_NAME = "$(TARGET_NAME)";
				SWIFT_VERSION = 4.2;
				TARGETED_DEVICE_FAMILY = "1,2";
			};
			name = Release;
		};
/* End XCBuildConfiguration section */

/* Begin XCConfigurationList section */
		F166C16C22046AFD00825BEE /* Build configuration list for PBXProject "UIkit_ViewController" */ = {
			isa = XCConfigurationList;
			buildConfigurations = (
				F166C18122046B0800825BEE /* Debug */,
				F166C18222046B0800825BEE /* Release */,
			);
			defaultConfigurationIsVisible = 0;
			defaultConfigurationName = Release;
		};
		F166C18322046B0800825BEE /* Build configuration list for PBXNativeTarget "UIkit_ViewController" */ = {
			isa = XCConfigurationList;
			buildConfigurations = (
				F166C18422046B0800825BEE /* Debug */,
				F166C18522046B0800825BEE /* Release */,
			);
			defaultConfigurationIsVisible = 0;
			defaultConfigurationName = Release;
		};
/* End XCConfigurationList section */
	};
	rootObject = F166C16922046AFD00825BEE /* Project object */;
}
