// !$*UTF8*$!
{
	archiveVersion = 1;
	classes = {
	};
	objectVersion = 50;
	objects = {

/* Begin PBXBuildFile section */
		4AB43C960A6098584470D282 /* Pods_First_Part.framework in Frameworks */ = {isa = PBXBuildFile; fileRef = 95E7E54F6239BDC04A81F218 /* Pods_First_Part.framework */; };
		F12351C022366C4700B7C705 /* AuthManager.swift in Sources */ = {isa = PBXBuildFile; fileRef = F12351BF22366C4700B7C705 /* AuthManager.swift */; };
		F12351C32236703B00B7C705 /* Utilites.swift in Sources */ = {isa = PBXBuildFile; fileRef = F12351C22236703B00B7C705 /* Utilites.swift */; };
		F15C9E3C22315BCB008BBCD4 /* Extension+NotificationName.swift in Sources */ = {isa = PBXBuildFile; fileRef = F15C9E3B22315BCB008BBCD4 /* Extension+NotificationName.swift */; };
		F18170EC223125840001A593 /* RegisterModel.swift in Sources */ = {isa = PBXBuildFile; fileRef = F18170EB223125840001A593 /* RegisterModel.swift */; };
		F18170EE223125E50001A593 /* Sex.swift in Sources */ = {isa = PBXBuildFile; fileRef = F18170ED223125E50001A593 /* Sex.swift */; };
		F18170F0223128470001A593 /* Extension+UiViewController.swift in Sources */ = {isa = PBXBuildFile; fileRef = F18170EF223128470001A593 /* Extension+UiViewController.swift */; };
		F1A2DEDF2227BA19003AB693 /* AppDelegate.swift in Sources */ = {isa = PBXBuildFile; fileRef = F1A2DEDE2227BA19003AB693 /* AppDelegate.swift */; };
		F1A2DEE12227BA19003AB693 /* ViewController.swift in Sources */ = {isa = PBXBuildFile; fileRef = F1A2DEE02227BA19003AB693 /* ViewController.swift */; };
		F1A2DEE62227BA1B003AB693 /* Assets.xcassets in Resources */ = {isa = PBXBuildFile; fileRef = F1A2DEE52227BA1B003AB693 /* Assets.xcassets */; };
		F1A2DEE92227BA1B003AB693 /* LaunchScreen.storyboard in Resources */ = {isa = PBXBuildFile; fileRef = F1A2DEE72227BA1B003AB693 /* LaunchScreen.storyboard */; };
		F1A2DEF12227BCE6003AB693 /* ViewController.xib in Resources */ = {isa = PBXBuildFile; fileRef = F1A2DEF02227BCE6003AB693 /* ViewController.xib */; };
		F1A2DEF82227C025003AB693 /* Router.swift in Sources */ = {isa = PBXBuildFile; fileRef = F1A2DEF72227C025003AB693 /* Router.swift */; };
		F1A2DEFB2227D366003AB693 /* StartRouter.swift in Sources */ = {isa = PBXBuildFile; fileRef = F1A2DEFA2227D366003AB693 /* StartRouter.swift */; };
		F1A2DEFF222812E9003AB693 /* RegisterViewController.swift in Sources */ = {isa = PBXBuildFile; fileRef = F1A2DEFD222812E9003AB693 /* RegisterViewController.swift */; };
		F1A2DF00222812E9003AB693 /* RegisterViewController.xib in Resources */ = {isa = PBXBuildFile; fileRef = F1A2DEFE222812E9003AB693 /* RegisterViewController.xib */; };
		F1A2DF04222813F9003AB693 /* PhotoView.swift in Sources */ = {isa = PBXBuildFile; fileRef = F1A2DF03222813F9003AB693 /* PhotoView.swift */; };
		F1A2DF0622281415003AB693 /* PhotoView.xib in Resources */ = {isa = PBXBuildFile; fileRef = F1A2DF0522281415003AB693 /* PhotoView.xib */; };
		F1A2DF0922281452003AB693 /* NibLoadable.swift in Sources */ = {isa = PBXBuildFile; fileRef = F1A2DF0822281452003AB693 /* NibLoadable.swift */; };
		F1A2DF0C22281BA7003AB693 /* Extension+UiVew.swift in Sources */ = {isa = PBXBuildFile; fileRef = F1A2DF0B22281BA7003AB693 /* Extension+UiVew.swift */; };
		F1A2DF10222820AE003AB693 /* UserInfoTableViewCell.swift in Sources */ = {isa = PBXBuildFile; fileRef = F1A2DF0E222820AE003AB693 /* UserInfoTableViewCell.swift */; };
		F1A2DF11222820AE003AB693 /* UserInfoTableViewCell.xib in Resources */ = {isa = PBXBuildFile; fileRef = F1A2DF0F222820AE003AB693 /* UserInfoTableViewCell.xib */; };
		F1A2DF1522282693003AB693 /* RegisterCellModul.swift in Sources */ = {isa = PBXBuildFile; fileRef = F1A2DF1422282693003AB693 /* RegisterCellModul.swift */; };
		F1A2DF17222828B4003AB693 /* HeightContainable.swift in Sources */ = {isa = PBXBuildFile; fileRef = F1A2DF16222828B4003AB693 /* HeightContainable.swift */; };
		F1A2DF1922282923003AB693 /* TypeAliases.swift in Sources */ = {isa = PBXBuildFile; fileRef = F1A2DF1822282923003AB693 /* TypeAliases.swift */; };
		F1A2DF1B22293ABF003AB693 /* GoogleService-Info.plist in Resources */ = {isa = PBXBuildFile; fileRef = F1A2DF1A22293ABF003AB693 /* GoogleService-Info.plist */; };
		F1E974FF222D2ECE0027C247 /* HeaderTtileView.swift in Sources */ = {isa = PBXBuildFile; fileRef = F1E974FE222D2ECE0027C247 /* HeaderTtileView.swift */; };
		F1E97501222D2EE20027C247 /* HeaderTitleView.xib in Resources */ = {isa = PBXBuildFile; fileRef = F1E97500222D2EE20027C247 /* HeaderTitleView.xib */; };
		F1E97508222D31A80027C247 /* SexTableViewCell.swift in Sources */ = {isa = PBXBuildFile; fileRef = F1E97506222D31A80027C247 /* SexTableViewCell.swift */; };
		F1E97509222D31A80027C247 /* SexTableViewCell.xib in Resources */ = {isa = PBXBuildFile; fileRef = F1E97507222D31A80027C247 /* SexTableViewCell.xib */; };
		F1E9750B222D506E0027C247 /* CellHeaderProtocol.swift in Sources */ = {isa = PBXBuildFile; fileRef = F1E9750A222D506E0027C247 /* CellHeaderProtocol.swift */; };
		F1E97511222D718B0027C247 /* BirthdayTableViewCell.swift in Sources */ = {isa = PBXBuildFile; fileRef = F1E9750F222D718B0027C247 /* BirthdayTableViewCell.swift */; };
		F1E97512222D718B0027C247 /* BirthdayTableViewCell.xib in Resources */ = {isa = PBXBuildFile; fileRef = F1E97510222D718B0027C247 /* BirthdayTableViewCell.xib */; };
/* End PBXBuildFile section */

/* Begin PBXFileReference section */
		4050AE4B1186A068B8E7FC5B /* Pods-First_Part.debug.xcconfig */ = {isa = PBXFileReference; includeInIndex = 1; lastKnownFileType = text.xcconfig; name = "Pods-First_Part.debug.xcconfig"; path = "Target Support Files/Pods-First_Part/Pods-First_Part.debug.xcconfig"; sourceTree = "<group>"; };
		4CC4865FFC4B9206877ADDED /* Pods-First_Part.release.xcconfig */ = {isa = PBXFileReference; includeInIndex = 1; lastKnownFileType = text.xcconfig; name = "Pods-First_Part.release.xcconfig"; path = "Target Support Files/Pods-First_Part/Pods-First_Part.release.xcconfig"; sourceTree = "<group>"; };
		95E7E54F6239BDC04A81F218 /* Pods_First_Part.framework */ = {isa = PBXFileReference; explicitFileType = wrapper.framework; includeInIndex = 0; path = Pods_First_Part.framework; sourceTree = BUILT_PRODUCTS_DIR; };
		F12351BF22366C4700B7C705 /* AuthManager.swift */ = {isa = PBXFileReference; lastKnownFileType = sourcecode.swift; path = AuthManager.swift; sourceTree = "<group>"; };
		F12351C22236703B00B7C705 /* Utilites.swift */ = {isa = PBXFileReference; lastKnownFileType = sourcecode.swift; path = Utilites.swift; sourceTree = "<group>"; };
		F15C9E3B22315BCB008BBCD4 /* Extension+NotificationName.swift */ = {isa = PBXFileReference; lastKnownFileType = sourcecode.swift; path = "Extension+NotificationName.swift"; sourceTree = "<group>"; };
		F18170EB223125840001A593 /* RegisterModel.swift */ = {isa = PBXFileReference; lastKnownFileType = sourcecode.swift; path = RegisterModel.swift; sourceTree = "<group>"; };
		F18170ED223125E50001A593 /* Sex.swift */ = {isa = PBXFileReference; lastKnownFileType = sourcecode.swift; path = Sex.swift; sourceTree = "<group>"; };
		F18170EF223128470001A593 /* Extension+UiViewController.swift */ = {isa = PBXFileReference; lastKnownFileType = sourcecode.swift; path = "Extension+UiViewController.swift"; sourceTree = "<group>"; };
		F1A2DEDB2227BA19003AB693 /* First_Part.app */ = {isa = PBXFileReference; explicitFileType = wrapper.application; includeInIndex = 0; path = First_Part.app; sourceTree = BUILT_PRODUCTS_DIR; };
		F1A2DEDE2227BA19003AB693 /* AppDelegate.swift */ = {isa = PBXFileReference; lastKnownFileType = sourcecode.swift; path = AppDelegate.swift; sourceTree = "<group>"; };
		F1A2DEE02227BA19003AB693 /* ViewController.swift */ = {isa = PBXFileReference; lastKnownFileType = sourcecode.swift; path = ViewController.swift; sourceTree = "<group>"; };
		F1A2DEE52227BA1B003AB693 /* Assets.xcassets */ = {isa = PBXFileReference; lastKnownFileType = folder.assetcatalog; path = Assets.xcassets; sourceTree = "<group>"; };
		F1A2DEE82227BA1B003AB693 /* Base */ = {isa = PBXFileReference; lastKnownFileType = file.storyboard; name = Base; path = Base.lproj/LaunchScreen.storyboard; sourceTree = "<group>"; };
		F1A2DEEA2227BA1B003AB693 /* Info.plist */ = {isa = PBXFileReference; lastKnownFileType = text.plist.xml; path = Info.plist; sourceTree = "<group>"; };
		F1A2DEF02227BCE6003AB693 /* ViewController.xib */ = {isa = PBXFileReference; lastKnownFileType = file.xib; path = ViewController.xib; sourceTree = "<group>"; };
		F1A2DEF72227C025003AB693 /* Router.swift */ = {isa = PBXFileReference; lastKnownFileType = sourcecode.swift; path = Router.swift; sourceTree = "<group>"; };
		F1A2DEFA2227D366003AB693 /* StartRouter.swift */ = {isa = PBXFileReference; lastKnownFileType = sourcecode.swift; path = StartRouter.swift; sourceTree = "<group>"; };
		F1A2DEFD222812E9003AB693 /* RegisterViewController.swift */ = {isa = PBXFileReference; lastKnownFileType = sourcecode.swift; path = RegisterViewController.swift; sourceTree = "<group>"; };
		F1A2DEFE222812E9003AB693 /* RegisterViewController.xib */ = {isa = PBXFileReference; lastKnownFileType = file.xib; path = RegisterViewController.xib; sourceTree = "<group>"; };
		F1A2DF03222813F9003AB693 /* PhotoView.swift */ = {isa = PBXFileReference; lastKnownFileType = sourcecode.swift; path = PhotoView.swift; sourceTree = "<group>"; };
		F1A2DF0522281415003AB693 /* PhotoView.xib */ = {isa = PBXFileReference; lastKnownFileType = file.xib; path = PhotoView.xib; sourceTree = "<group>"; };
		F1A2DF0822281452003AB693 /* NibLoadable.swift */ = {isa = PBXFileReference; lastKnownFileType = sourcecode.swift; path = NibLoadable.swift; sourceTree = "<group>"; };
		F1A2DF0B22281BA7003AB693 /* Extension+UiVew.swift */ = {isa = PBXFileReference; lastKnownFileType = sourcecode.swift; path = "Extension+UiVew.swift"; sourceTree = "<group>"; };
		F1A2DF0E222820AE003AB693 /* UserInfoTableViewCell.swift */ = {isa = PBXFileReference; lastKnownFileType = sourcecode.swift; path = UserInfoTableViewCell.swift; sourceTree = "<group>"; };
		F1A2DF0F222820AE003AB693 /* UserInfoTableViewCell.xib */ = {isa = PBXFileReference; lastKnownFileType = file.xib; path = UserInfoTableViewCell.xib; sourceTree = "<group>"; };
		F1A2DF1422282693003AB693 /* RegisterCellModul.swift */ = {isa = PBXFileReference; lastKnownFileType = sourcecode.swift; path = RegisterCellModul.swift; sourceTree = "<group>"; };
		F1A2DF16222828B4003AB693 /* HeightContainable.swift */ = {isa = PBXFileReference; lastKnownFileType = sourcecode.swift; path = HeightContainable.swift; sourceTree = "<group>"; };
		F1A2DF1822282923003AB693 /* TypeAliases.swift */ = {isa = PBXFileReference; lastKnownFileType = sourcecode.swift; path = TypeAliases.swift; sourceTree = "<group>"; };
		F1A2DF1A22293ABF003AB693 /* GoogleService-Info.plist */ = {isa = PBXFileReference; fileEncoding = 4; lastKnownFileType = text.plist.xml; path = "GoogleService-Info.plist"; sourceTree = "<group>"; };
		F1E974FE222D2ECE0027C247 /* HeaderTtileView.swift */ = {isa = PBXFileReference; lastKnownFileType = sourcecode.swift; path = HeaderTtileView.swift; sourceTree = "<group>"; };
		F1E97500222D2EE20027C247 /* HeaderTitleView.xib */ = {isa = PBXFileReference; lastKnownFileType = file.xib; path = HeaderTitleView.xib; sourceTree = "<group>"; };
		F1E97506222D31A80027C247 /* SexTableViewCell.swift */ = {isa = PBXFileReference; lastKnownFileType = sourcecode.swift; path = SexTableViewCell.swift; sourceTree = "<group>"; };
		F1E97507222D31A80027C247 /* SexTableViewCell.xib */ = {isa = PBXFileReference; lastKnownFileType = file.xib; path = SexTableViewCell.xib; sourceTree = "<group>"; };
		F1E9750A222D506E0027C247 /* CellHeaderProtocol.swift */ = {isa = PBXFileReference; lastKnownFileType = sourcecode.swift; path = CellHeaderProtocol.swift; sourceTree = "<group>"; };
		F1E9750F222D718B0027C247 /* BirthdayTableViewCell.swift */ = {isa = PBXFileReference; lastKnownFileType = sourcecode.swift; path = BirthdayTableViewCell.swift; sourceTree = "<group>"; };
		F1E97510222D718B0027C247 /* BirthdayTableViewCell.xib */ = {isa = PBXFileReference; lastKnownFileType = file.xib; path = BirthdayTableViewCell.xib; sourceTree = "<group>"; };
/* End PBXFileReference section */

/* Begin PBXFrameworksBuildPhase section */
		F1A2DED82227BA19003AB693 /* Frameworks */ = {
			isa = PBXFrameworksBuildPhase;
			buildActionMask = 2147483647;
			files = (
				4AB43C960A6098584470D282 /* Pods_First_Part.framework in Frameworks */,
			);
			runOnlyForDeploymentPostprocessing = 0;
		};
/* End PBXFrameworksBuildPhase section */

/* Begin PBXGroup section */
		17ADB5CE7B909031117E9E02 /* Frameworks */ = {
			isa = PBXGroup;
			children = (
				95E7E54F6239BDC04A81F218 /* Pods_First_Part.framework */,
			);
			name = Frameworks;
			sourceTree = "<group>";
		};
		DE16DFEB172C859694F944F9 /* Pods */ = {
			isa = PBXGroup;
			children = (
				4050AE4B1186A068B8E7FC5B /* Pods-First_Part.debug.xcconfig */,
				4CC4865FFC4B9206877ADDED /* Pods-First_Part.release.xcconfig */,
			);
			path = Pods;
			sourceTree = "<group>";
		};
		F12351BD2236449200B7C705 /* TextFieldsCell */ = {
			isa = PBXGroup;
			children = (
			);
			path = TextFieldsCell;
			sourceTree = "<group>";
		};
		F12351BE22366C1800B7C705 /* Managers */ = {
			isa = PBXGroup;
			children = (
				F12351BF22366C4700B7C705 /* AuthManager.swift */,
			);
			path = Managers;
			sourceTree = "<group>";
		};
		F12351C12236702400B7C705 /* HelpFiles */ = {
			isa = PBXGroup;
			children = (
				F12351C22236703B00B7C705 /* Utilites.swift */,
			);
			path = HelpFiles;
			sourceTree = "<group>";
		};
		F18170EA2231256A0001A593 /* Models */ = {
			isa = PBXGroup;
			children = (
				F18170EB223125840001A593 /* RegisterModel.swift */,
				F18170ED223125E50001A593 /* Sex.swift */,
			);
			name = Models;
			path = "New Group";
			sourceTree = "<group>";
		};
		F1A2DED22227BA19003AB693 = {
			isa = PBXGroup;
			children = (
				F1A2DEDD2227BA19003AB693 /* First_Part */,
				F1A2DEDC2227BA19003AB693 /* Products */,
				DE16DFEB172C859694F944F9 /* Pods */,
				17ADB5CE7B909031117E9E02 /* Frameworks */,
			);
			sourceTree = "<group>";
		};
		F1A2DEDC2227BA19003AB693 /* Products */ = {
			isa = PBXGroup;
			children = (
				F1A2DEDB2227BA19003AB693 /* First_Part.app */,
			);
			name = Products;
			sourceTree = "<group>";
		};
		F1A2DEDD2227BA19003AB693 /* First_Part */ = {
			isa = PBXGroup;
			children = (
				F1A2DEEA2227BA1B003AB693 /* Info.plist */,
				F1A2DF1A22293ABF003AB693 /* GoogleService-Info.plist */,
				F1A2DEF52227BFCF003AB693 /* Classes */,
				F1A2DEF22227BF6A003AB693 /* Supporting Files */,
			);
			path = First_Part;
			sourceTree = "<group>";
		};
		F1A2DEF22227BF6A003AB693 /* Supporting Files */ = {
			isa = PBXGroup;
			children = (
				F1A2DEE52227BA1B003AB693 /* Assets.xcassets */,
				F1A2DEF92227C4AF003AB693 /* Colors */,
				F1A2DEE72227BA1B003AB693 /* LaunchScreen.storyboard */,
			);
			path = "Supporting Files";
			sourceTree = "<group>";
		};
		F1A2DEF32227BF86003AB693 /* Screens */ = {
			isa = PBXGroup;
			children = (
				F1A2DEFC222812C9003AB693 /* Register */,
				F1A2DEF42227BF94003AB693 /* Start */,
			);
			path = Screens;
			sourceTree = "<group>";
		};
		F1A2DEF42227BF94003AB693 /* Start */ = {
			isa = PBXGroup;
			children = (
				F1A2DEE02227BA19003AB693 /* ViewController.swift */,
				F1A2DEF02227BCE6003AB693 /* ViewController.xib */,
			);
			path = Start;
			sourceTree = "<group>";
		};
		F1A2DEF52227BFCF003AB693 /* Classes */ = {
			isa = PBXGroup;
			children = (
				F12351C12236702400B7C705 /* HelpFiles */,
				F12351BE22366C1800B7C705 /* Managers */,
				F18170EA2231256A0001A593 /* Models */,
				F1A2DEDE2227BA19003AB693 /* AppDelegate.swift */,
				F1A2DF1222282659003AB693 /* Models */,
				F1A2DF0A22281B8B003AB693 /* Extensions */,
				F1A2DF072228142E003AB693 /* Protocols */,
				F1A2DEF62227BFFF003AB693 /* Routers */,
				F1A2DEF32227BF86003AB693 /* Screens */,
				F1A2DF01222813A8003AB693 /* CustomViews */,
			);
			path = Classes;
			sourceTree = "<group>";
		};
		F1A2DEF62227BFFF003AB693 /* Routers */ = {
			isa = PBXGroup;
			children = (
				F1A2DEF72227C025003AB693 /* Router.swift */,
				F1A2DEFA2227D366003AB693 /* StartRouter.swift */,
			);
			path = Routers;
			sourceTree = "<group>";
		};
		F1A2DEF92227C4AF003AB693 /* Colors */ = {
			isa = PBXGroup;
			children = (
			);
			path = Colors;
			sourceTree = "<group>";
		};
		F1A2DEFC222812C9003AB693 /* Register */ = {
			isa = PBXGroup;
			children = (
				F1A2DEFD222812E9003AB693 /* RegisterViewController.swift */,
				F1A2DEFE222812E9003AB693 /* RegisterViewController.xib */,
			);
			path = Register;
			sourceTree = "<group>";
		};
		F1A2DF01222813A8003AB693 /* CustomViews */ = {
			isa = PBXGroup;
			children = (
				F1E974FB222D2E7A0027C247 /* HederTitleView */,
				F1A2DF0D22282065003AB693 /* Cells */,
			);
			path = CustomViews;
			sourceTree = "<group>";
		};
		F1A2DF02222813D9003AB693 /* PhotoView */ = {
			isa = PBXGroup;
			children = (
				F1A2DF03222813F9003AB693 /* PhotoView.swift */,
				F1A2DF0522281415003AB693 /* PhotoView.xib */,
			);
			path = PhotoView;
			sourceTree = "<group>";
		};
		F1A2DF072228142E003AB693 /* Protocols */ = {
			isa = PBXGroup;
			children = (
				F1A2DF0822281452003AB693 /* NibLoadable.swift */,
				F1A2DF16222828B4003AB693 /* HeightContainable.swift */,
				F1A2DF1822282923003AB693 /* TypeAliases.swift */,
				F1E9750A222D506E0027C247 /* CellHeaderProtocol.swift */,
			);
			path = Protocols;
			sourceTree = "<group>";
		};
		F1A2DF0A22281B8B003AB693 /* Extensions */ = {
			isa = PBXGroup;
			children = (
				F1A2DF0B22281BA7003AB693 /* Extension+UiVew.swift */,
				F18170EF223128470001A593 /* Extension+UiViewController.swift */,
				F15C9E3B22315BCB008BBCD4 /* Extension+NotificationName.swift */,
			);
			path = Extensions;
			sourceTree = "<group>";
		};
		F1A2DF0D22282065003AB693 /* Cells */ = {
			isa = PBXGroup;
			children = (
				F12351BD2236449200B7C705 /* TextFieldsCell */,
				F1E9750C222D677E0027C247 /* UserInfoCell */,
				F1E9750D222D67980027C247 /* SexCell */,
				F1E9750E222D71320027C247 /* BirthdayCell */,
			);
			path = Cells;
			sourceTree = "<group>";
		};
		F1A2DF1222282659003AB693 /* Models */ = {
			isa = PBXGroup;
			children = (
				F1A2DF1422282693003AB693 /* RegisterCellModul.swift */,
			);
			path = Models;
			sourceTree = "<group>";
		};
		F1E974FB222D2E7A0027C247 /* HederTitleView */ = {
			isa = PBXGroup;
			children = (
				F1E974FE222D2ECE0027C247 /* HeaderTtileView.swift */,
				F1E97500222D2EE20027C247 /* HeaderTitleView.xib */,
			);
			path = HederTitleView;
			sourceTree = "<group>";
		};
		F1E9750C222D677E0027C247 /* UserInfoCell */ = {
			isa = PBXGroup;
			children = (
				F1A2DF0E222820AE003AB693 /* UserInfoTableViewCell.swift */,
				F1A2DF0F222820AE003AB693 /* UserInfoTableViewCell.xib */,
				F1A2DF02222813D9003AB693 /* PhotoView */,
			);
			path = UserInfoCell;
			sourceTree = "<group>";
		};
		F1E9750D222D67980027C247 /* SexCell */ = {
			isa = PBXGroup;
			children = (
				F1E97506222D31A80027C247 /* SexTableViewCell.swift */,
				F1E97507222D31A80027C247 /* SexTableViewCell.xib */,
			);
			path = SexCell;
			sourceTree = "<group>";
		};
		F1E9750E222D71320027C247 /* BirthdayCell */ = {
			isa = PBXGroup;
			children = (
				F1E9750F222D718B0027C247 /* BirthdayTableViewCell.swift */,
				F1E97510222D718B0027C247 /* BirthdayTableViewCell.xib */,
			);
			path = BirthdayCell;
			sourceTree = "<group>";
		};
/* End PBXGroup section */

/* Begin PBXNativeTarget section */
		F1A2DEDA2227BA19003AB693 /* First_Part */ = {
			isa = PBXNativeTarget;
			buildConfigurationList = F1A2DEED2227BA1B003AB693 /* Build configuration list for PBXNativeTarget "First_Part" */;
			buildPhases = (
				FA85CD9AD8D4EFA5656874EA /* [CP] Check Pods Manifest.lock */,
				F1A2DED72227BA19003AB693 /* Sources */,
				F1A2DED82227BA19003AB693 /* Frameworks */,
				F1A2DED92227BA19003AB693 /* Resources */,
				75B7E3EB04B71F6B7C5E315B /* [CP] Embed Pods Frameworks */,
			);
			buildRules = (
			);
			dependencies = (
			);
			name = First_Part;
			productName = First_Part;
			productReference = F1A2DEDB2227BA19003AB693 /* First_Part.app */;
			productType = "com.apple.product-type.application";
		};
/* End PBXNativeTarget section */

/* Begin PBXProject section */
		F1A2DED32227BA19003AB693 /* Project object */ = {
			isa = PBXProject;
			attributes = {
				LastSwiftUpdateCheck = 1010;
				LastUpgradeCheck = 1010;
				ORGANIZATIONNAME = PavelM;
				TargetAttributes = {
					F1A2DEDA2227BA19003AB693 = {
						CreatedOnToolsVersion = 10.1;
					};
				};
			};
			buildConfigurationList = F1A2DED62227BA19003AB693 /* Build configuration list for PBXProject "First_Part" */;
			compatibilityVersion = "Xcode 9.3";
			developmentRegion = en;
			hasScannedForEncodings = 0;
			knownRegions = (
				en,
				Base,
			);
			mainGroup = F1A2DED22227BA19003AB693;
			productRefGroup = F1A2DEDC2227BA19003AB693 /* Products */;
			projectDirPath = "";
			projectRoot = "";
			targets = (
				F1A2DEDA2227BA19003AB693 /* First_Part */,
			);
		};
/* End PBXProject section */

/* Begin PBXResourcesBuildPhase section */
		F1A2DED92227BA19003AB693 /* Resources */ = {
			isa = PBXResourcesBuildPhase;
			buildActionMask = 2147483647;
			files = (
				F1E97512222D718B0027C247 /* BirthdayTableViewCell.xib in Resources */,
				F1A2DEE92227BA1B003AB693 /* LaunchScreen.storyboard in Resources */,
				F1A2DEF12227BCE6003AB693 /* ViewController.xib in Resources */,
				F1E97501222D2EE20027C247 /* HeaderTitleView.xib in Resources */,
				F1A2DF0622281415003AB693 /* PhotoView.xib in Resources */,
				F1A2DEE62227BA1B003AB693 /* Assets.xcassets in Resources */,
				F1E97509222D31A80027C247 /* SexTableViewCell.xib in Resources */,
				F1A2DF11222820AE003AB693 /* UserInfoTableViewCell.xib in Resources */,
				F1A2DF00222812E9003AB693 /* RegisterViewController.xib in Resources */,
				F1A2DF1B22293ABF003AB693 /* GoogleService-Info.plist in Resources */,
			);
			runOnlyForDeploymentPostprocessing = 0;
		};
/* End PBXResourcesBuildPhase section */

/* Begin PBXShellScriptBuildPhase section */
		75B7E3EB04B71F6B7C5E315B /* [CP] Embed Pods Frameworks */ = {
			isa = PBXShellScriptBuildPhase;
			buildActionMask = 2147483647;
			files = (
			);
			inputFileListPaths = (
			);
			inputPaths = (
				"${PODS_ROOT}/Target Support Files/Pods-First_Part/Pods-First_Part-frameworks.sh",
				"${BUILT_PRODUCTS_DIR}/GTMSessionFetcher/GTMSessionFetcher.framework",
				"${BUILT_PRODUCTS_DIR}/GoogleUtilities/GoogleUtilities.framework",
				"${BUILT_PRODUCTS_DIR}/leveldb-library/leveldb.framework",
				"${BUILT_PRODUCTS_DIR}/nanopb/nanopb.framework",
			);
			name = "[CP] Embed Pods Frameworks";
			outputFileListPaths = (
			);
			outputPaths = (
				"${TARGET_BUILD_DIR}/${FRAMEWORKS_FOLDER_PATH}/GTMSessionFetcher.framework",
				"${TARGET_BUILD_DIR}/${FRAMEWORKS_FOLDER_PATH}/GoogleUtilities.framework",
				"${TARGET_BUILD_DIR}/${FRAMEWORKS_FOLDER_PATH}/leveldb.framework",
				"${TARGET_BUILD_DIR}/${FRAMEWORKS_FOLDER_PATH}/nanopb.framework",
			);
			runOnlyForDeploymentPostprocessing = 0;
			shellPath = /bin/sh;
			shellScript = "\"${PODS_ROOT}/Target Support Files/Pods-First_Part/Pods-First_Part-frameworks.sh\"\n";
			showEnvVarsInLog = 0;
		};
		FA85CD9AD8D4EFA5656874EA /* [CP] Check Pods Manifest.lock */ = {
			isa = PBXShellScriptBuildPhase;
			buildActionMask = 2147483647;
			files = (
			);
			inputFileListPaths = (
			);
			inputPaths = (
				"${PODS_PODFILE_DIR_PATH}/Podfile.lock",
				"${PODS_ROOT}/Manifest.lock",
			);
			name = "[CP] Check Pods Manifest.lock";
			outputFileListPaths = (
			);
			outputPaths = (
				"$(DERIVED_FILE_DIR)/Pods-First_Part-checkManifestLockResult.txt",
			);
			runOnlyForDeploymentPostprocessing = 0;
			shellPath = /bin/sh;
			shellScript = "diff \"${PODS_PODFILE_DIR_PATH}/Podfile.lock\" \"${PODS_ROOT}/Manifest.lock\" > /dev/null\nif [ $? != 0 ] ; then\n    # print error to STDERR\n    echo \"error: The sandbox is not in sync with the Podfile.lock. Run 'pod install' or update your CocoaPods installation.\" >&2\n    exit 1\nfi\n# This output is used by Xcode 'outputs' to avoid re-running this script phase.\necho \"SUCCESS\" > \"${SCRIPT_OUTPUT_FILE_0}\"\n";
			showEnvVarsInLog = 0;
		};
/* End PBXShellScriptBuildPhase section */

/* Begin PBXSourcesBuildPhase section */
		F1A2DED72227BA19003AB693 /* Sources */ = {
			isa = PBXSourcesBuildPhase;
			buildActionMask = 2147483647;
			files = (
				F1E97511222D718B0027C247 /* BirthdayTableViewCell.swift in Sources */,
				F12351C022366C4700B7C705 /* AuthManager.swift in Sources */,
				F1A2DF1922282923003AB693 /* TypeAliases.swift in Sources */,
				F15C9E3C22315BCB008BBCD4 /* Extension+NotificationName.swift in Sources */,
				F12351C32236703B00B7C705 /* Utilites.swift in Sources */,
				F1A2DF1522282693003AB693 /* RegisterCellModul.swift in Sources */,
				F1E974FF222D2ECE0027C247 /* HeaderTtileView.swift in Sources */,
				F1A2DF0C22281BA7003AB693 /* Extension+UiVew.swift in Sources */,
				F1A2DEE12227BA19003AB693 /* ViewController.swift in Sources */,
				F1A2DEFF222812E9003AB693 /* RegisterViewController.swift in Sources */,
				F1A2DF10222820AE003AB693 /* UserInfoTableViewCell.swift in Sources */,
				F18170EE223125E50001A593 /* Sex.swift in Sources */,
				F18170F0223128470001A593 /* Extension+UiViewController.swift in Sources */,
				F1A2DEF82227C025003AB693 /* Router.swift in Sources */,
				F1A2DF17222828B4003AB693 /* HeightContainable.swift in Sources */,
				F1E9750B222D506E0027C247 /* CellHeaderProtocol.swift in Sources */,
				F1A2DF04222813F9003AB693 /* PhotoView.swift in Sources */,
				F1A2DF0922281452003AB693 /* NibLoadable.swift in Sources */,
				F18170EC223125840001A593 /* RegisterModel.swift in Sources */,
				F1A2DEDF2227BA19003AB693 /* AppDelegate.swift in Sources */,
				F1E97508222D31A80027C247 /* SexTableViewCell.swift in Sources */,
				F1A2DEFB2227D366003AB693 /* StartRouter.swift in Sources */,
			);
			runOnlyForDeploymentPostprocessing = 0;
		};
/* End PBXSourcesBuildPhase section */

/* Begin PBXVariantGroup section */
		F1A2DEE72227BA1B003AB693 /* LaunchScreen.storyboard */ = {
			isa = PBXVariantGroup;
			children = (
				F1A2DEE82227BA1B003AB693 /* Base */,
			);
			name = LaunchScreen.storyboard;
			sourceTree = "<group>";
		};
/* End PBXVariantGroup section */

/* Begin XCBuildConfiguration section */
		F1A2DEEB2227BA1B003AB693 /* Debug */ = {
			isa = XCBuildConfiguration;
			buildSettings = {
				ALWAYS_SEARCH_USER_PATHS = NO;
				CLANG_ANALYZER_NONNULL = YES;
				CLANG_ANALYZER_NUMBER_OBJECT_CONVERSION = YES_AGGRESSIVE;
				CLANG_CXX_LANGUAGE_STANDARD = "gnu++14";
				CLANG_CXX_LIBRARY = "libc++";
				CLANG_ENABLE_MODULES = YES;
				CLANG_ENABLE_OBJC_ARC = YES;
				CLANG_ENABLE_OBJC_WEAK = YES;
				CLANG_WARN_BLOCK_CAPTURE_AUTORELEASING = YES;
				CLANG_WARN_BOOL_CONVERSION = YES;
				CLANG_WARN_COMMA = YES;
				CLANG_WARN_CONSTANT_CONVERSION = YES;
				CLANG_WARN_DEPRECATED_OBJC_IMPLEMENTATIONS = YES;
				CLANG_WARN_DIRECT_OBJC_ISA_USAGE = YES_ERROR;
				CLANG_WARN_DOCUMENTATION_COMMENTS = YES;
				CLANG_WARN_EMPTY_BODY = YES;
				CLANG_WARN_ENUM_CONVERSION = YES;
				CLANG_WARN_INFINITE_RECURSION = YES;
				CLANG_WARN_INT_CONVERSION = YES;
				CLANG_WARN_NON_LITERAL_NULL_CONVERSION = YES;
				CLANG_WARN_OBJC_IMPLICIT_RETAIN_SELF = YES;
				CLANG_WARN_OBJC_LITERAL_CONVERSION = YES;
				CLANG_WARN_OBJC_ROOT_CLASS = YES_ERROR;
				CLANG_WARN_RANGE_LOOP_ANALYSIS = YES;
				CLANG_WARN_STRICT_PROTOTYPES = YES;
				CLANG_WARN_SUSPICIOUS_MOVE = YES;
				CLANG_WARN_UNGUARDED_AVAILABILITY = YES_AGGRESSIVE;
				CLANG_WARN_UNREACHABLE_CODE = YES;
				CLANG_WARN__DUPLICATE_METHOD_MATCH = YES;
				CODE_SIGN_IDENTITY = "iPhone Developer";
				COPY_PHASE_STRIP = NO;
				DEBUG_INFORMATION_FORMAT = dwarf;
				ENABLE_STRICT_OBJC_MSGSEND = YES;
				ENABLE_TESTABILITY = YES;
				GCC_C_LANGUAGE_STANDARD = gnu11;
				GCC_DYNAMIC_NO_PIC = NO;
				GCC_NO_COMMON_BLOCKS = YES;
				GCC_OPTIMIZATION_LEVEL = 0;
				GCC_PREPROCESSOR_DEFINITIONS = (
					"DEBUG=1",
					"$(inherited)",
				);
				GCC_WARN_64_TO_32_BIT_CONVERSION = YES;
				GCC_WARN_ABOUT_RETURN_TYPE = YES_ERROR;
				GCC_WARN_UNDECLARED_SELECTOR = YES;
				GCC_WARN_UNINITIALIZED_AUTOS = YES_AGGRESSIVE;
				GCC_WARN_UNUSED_FUNCTION = YES;
				GCC_WARN_UNUSED_VARIABLE = YES;
				IPHONEOS_DEPLOYMENT_TARGET = 12.1;
				MTL_ENABLE_DEBUG_INFO = INCLUDE_SOURCE;
				MTL_FAST_MATH = YES;
				ONLY_ACTIVE_ARCH = YES;
				SDKROOT = iphoneos;
				SWIFT_ACTIVE_COMPILATION_CONDITIONS = DEBUG;
				SWIFT_OPTIMIZATION_LEVEL = "-Onone";
			};
			name = Debug;
		};
		F1A2DEEC2227BA1B003AB693 /* Release */ = {
			isa = XCBuildConfiguration;
			buildSettings = {
				ALWAYS_SEARCH_USER_PATHS = NO;
				CLANG_ANALYZER_NONNULL = YES;
				CLANG_ANALYZER_NUMBER_OBJECT_CONVERSION = YES_AGGRESSIVE;
				CLANG_CXX_LANGUAGE_STANDARD = "gnu++14";
				CLANG_CXX_LIBRARY = "libc++";
				CLANG_ENABLE_MODULES = YES;
				CLANG_ENABLE_OBJC_ARC = YES;
				CLANG_ENABLE_OBJC_WEAK = YES;
				CLANG_WARN_BLOCK_CAPTURE_AUTORELEASING = YES;
				CLANG_WARN_BOOL_CONVERSION = YES;
				CLANG_WARN_COMMA = YES;
				CLANG_WARN_CONSTANT_CONVERSION = YES;
				CLANG_WARN_DEPRECATED_OBJC_IMPLEMENTATIONS = YES;
				CLANG_WARN_DIRECT_OBJC_ISA_USAGE = YES_ERROR;
				CLANG_WARN_DOCUMENTATION_COMMENTS = YES;
				CLANG_WARN_EMPTY_BODY = YES;
				CLANG_WARN_ENUM_CONVERSION = YES;
				CLANG_WARN_INFINITE_RECURSION = YES;
				CLANG_WARN_INT_CONVERSION = YES;
				CLANG_WARN_NON_LITERAL_NULL_CONVERSION = YES;
				CLANG_WARN_OBJC_IMPLICIT_RETAIN_SELF = YES;
				CLANG_WARN_OBJC_LITERAL_CONVERSION = YES;
				CLANG_WARN_OBJC_ROOT_CLASS = YES_ERROR;
				CLANG_WARN_RANGE_LOOP_ANALYSIS = YES;
				CLANG_WARN_STRICT_PROTOTYPES = YES;
				CLANG_WARN_SUSPICIOUS_MOVE = YES;
				CLANG_WARN_UNGUARDED_AVAILABILITY = YES_AGGRESSIVE;
				CLANG_WARN_UNREACHABLE_CODE = YES;
				CLANG_WARN__DUPLICATE_METHOD_MATCH = YES;
				CODE_SIGN_IDENTITY = "iPhone Developer";
				COPY_PHASE_STRIP = NO;
				DEBUG_INFORMATION_FORMAT = "dwarf-with-dsym";
				ENABLE_NS_ASSERTIONS = NO;
				ENABLE_STRICT_OBJC_MSGSEND = YES;
				GCC_C_LANGUAGE_STANDARD = gnu11;
				GCC_NO_COMMON_BLOCKS = YES;
				GCC_WARN_64_TO_32_BIT_CONVERSION = YES;
				GCC_WARN_ABOUT_RETURN_TYPE = YES_ERROR;
				GCC_WARN_UNDECLARED_SELECTOR = YES;
				GCC_WARN_UNINITIALIZED_AUTOS = YES_AGGRESSIVE;
				GCC_WARN_UNUSED_FUNCTION = YES;
				GCC_WARN_UNUSED_VARIABLE = YES;
				IPHONEOS_DEPLOYMENT_TARGET = 12.1;
				MTL_ENABLE_DEBUG_INFO = NO;
				MTL_FAST_MATH = YES;
				SDKROOT = iphoneos;
				SWIFT_COMPILATION_MODE = wholemodule;
				SWIFT_OPTIMIZATION_LEVEL = "-O";
				VALIDATE_PRODUCT = YES;
			};
			name = Release;
		};
		F1A2DEEE2227BA1B003AB693 /* Debug */ = {
			isa = XCBuildConfiguration;
			baseConfigurationReference = 4050AE4B1186A068B8E7FC5B /* Pods-First_Part.debug.xcconfig */;
			buildSettings = {
				ASSETCATALOG_COMPILER_APPICON_NAME = AppIcon;
				CODE_SIGN_STYLE = Automatic;
				DEVELOPMENT_TEAM = CYVRG4B3R9;
				INFOPLIST_FILE = First_Part/Info.plist;
				IPHONEOS_DEPLOYMENT_TARGET = 11.0;
				LD_RUNPATH_SEARCH_PATHS = (
					"$(inherited)",
					"@executable_path/Frameworks",
				);
				PRODUCT_BUNDLE_IDENTIFIER = "pavel.m.First-Part";
				PRODUCT_NAME = "$(TARGET_NAME)";
				SWIFT_VERSION = 4.2;
				TARGETED_DEVICE_FAMILY = "1,2";
			};
			name = Debug;
		};
		F1A2DEEF2227BA1B003AB693 /* Release */ = {
			isa = XCBuildConfiguration;
			baseConfigurationReference = 4CC4865FFC4B9206877ADDED /* Pods-First_Part.release.xcconfig */;
			buildSettings = {
				ASSETCATALOG_COMPILER_APPICON_NAME = AppIcon;
				CODE_SIGN_STYLE = Automatic;
				DEVELOPMENT_TEAM = CYVRG4B3R9;
				INFOPLIST_FILE = First_Part/Info.plist;
				IPHONEOS_DEPLOYMENT_TARGET = 11.0;
				LD_RUNPATH_SEARCH_PATHS = (
					"$(inherited)",
					"@executable_path/Frameworks",
				);
				PRODUCT_BUNDLE_IDENTIFIER = "pavel.m.First-Part";
				PRODUCT_NAME = "$(TARGET_NAME)";
				SWIFT_VERSION = 4.2;
				TARGETED_DEVICE_FAMILY = "1,2";
			};
			name = Release;
		};
/* End XCBuildConfiguration section */

/* Begin XCConfigurationList section */
		F1A2DED62227BA19003AB693 /* Build configuration list for PBXProject "First_Part" */ = {
			isa = XCConfigurationList;
			buildConfigurations = (
				F1A2DEEB2227BA1B003AB693 /* Debug */,
				F1A2DEEC2227BA1B003AB693 /* Release */,
			);
			defaultConfigurationIsVisible = 0;
			defaultConfigurationName = Release;
		};
		F1A2DEED2227BA1B003AB693 /* Build configuration list for PBXNativeTarget "First_Part" */ = {
			isa = XCConfigurationList;
			buildConfigurations = (
				F1A2DEEE2227BA1B003AB693 /* Debug */,
				F1A2DEEF2227BA1B003AB693 /* Release */,
			);
			defaultConfigurationIsVisible = 0;
			defaultConfigurationName = Release;
		};
/* End XCConfigurationList section */
	};
	rootObject = F1A2DED32227BA19003AB693 /* Project object */;
}
